
Microsoft Visual Studio Solution File, Format Version 12.00
# Visual Studio Version 17
VisualStudioVersion = 17.9.34607.119
MinimumVisualStudioVersion = 10.0.40219.1
Project("{9A19103F-16F7-4668-BE54-9A1E7A4F7556}") = "WebApplication2", "WebApplication2\WebApplication2.csproj", "{E22FFE5E-3C46-4F6B-A34B-F58869BEC937}"
EndProject
Global
	GlobalSection(SolutionConfigurationPlatforms) = preSolution
		Debug|Any CPU = Debug|Any CPU
		Release|Any CPU = Release|Any CPU
	EndGlobalSection
	GlobalSection(ProjectConfigurationPlatforms) = postSolution
		{E22FFE5E-3C46-4F6B-A34B-F58869BEC937}.Debug|Any CPU.ActiveCfg = Debug|Any CPU
		{E22FFE5E-3C46-4F6B-A34B-F58869BEC937}.Debug|Any CPU.Build.0 = Debug|Any CPU
		{E22FFE5E-3C46-4F6B-A34B-F58869BEC937}.Release|Any CPU.ActiveCfg = Release|Any CPU
		{E22FFE5E-3C46-4F6B-A34B-F58869BEC937}.Release|Any CPU.Build.0 = Release|Any CPU
	EndGlobalSection
	GlobalSection(SolutionProperties) = preSolution
		HideSolutionNode = FALSE
	EndGlobalSection
	GlobalSection(ExtensibilityGlobals) = postSolution
		SolutionGuid = {FAD767DD-5E43-48E4-99B4-30155FC52819}
	EndGlobalSection
EndGlobal
